
Microsoft Visual Studio Solution File, Format Version 12.00
# Visual Studio Version 16
VisualStudioVersion = 16.0.29215.179
MinimumVisualStudioVersion = 10.0.40219.1
Project("{2150E333-8FDC-42A3-9474-1A3956D46DE8}") = "Services", "Services", "{EC515152-1C85-4C3A-ACDA-1870B450776B}"
EndProject
Project("{9A19103F-16F7-4668-BE54-9A1E7A4F7556}") = "IdentityService", "Services\IdentityService\IdentityService.csproj", "{3F5464FD-B588-4388-A24A-0DAA4F65D483}"
EndProject
Project("{9A19103F-16F7-4668-BE54-9A1E7A4F7556}") = "BookService", "Services\BookService\BookService.csproj", "{DE3452DC-31DC-4505-8C85-BE424A08456A}"
EndProject
Project("{9A19103F-16F7-4668-BE54-9A1E7A4F7556}") = "ShoppingCartService", "Services\ShoppingCartService\ShoppingCartService.csproj", "{BF06DBCE-7A36-423F-9DB7-8957CDBF0B38}"
EndProject
Global
	GlobalSection(SolutionConfigurationPlatforms) = preSolution
		Debug|Any CPU = Debug|Any CPU
		Release|Any CPU = Release|Any CPU
	EndGlobalSection
	GlobalSection(ProjectConfigurationPlatforms) = postSolution
		{3F5464FD-B588-4388-A24A-0DAA4F65D483}.Debug|Any CPU.ActiveCfg = Debug|Any CPU
		{3F5464FD-B588-4388-A24A-0DAA4F65D483}.Debug|Any CPU.Build.0 = Debug|Any CPU
		{3F5464FD-B588-4388-A24A-0DAA4F65D483}.Release|Any CPU.ActiveCfg = Release|Any CPU
		{3F5464FD-B588-4388-A24A-0DAA4F65D483}.Release|Any CPU.Build.0 = Release|Any CPU
		{DE3452DC-31DC-4505-8C85-BE424A08456A}.Debug|Any CPU.ActiveCfg = Debug|Any CPU
		{DE3452DC-31DC-4505-8C85-BE424A08456A}.Debug|Any CPU.Build.0 = Debug|Any CPU
		{DE3452DC-31DC-4505-8C85-BE424A08456A}.Release|Any CPU.ActiveCfg = Release|Any CPU
		{DE3452DC-31DC-4505-8C85-BE424A08456A}.Release|Any CPU.Build.0 = Release|Any CPU
		{BF06DBCE-7A36-423F-9DB7-8957CDBF0B38}.Debug|Any CPU.ActiveCfg = Debug|Any CPU
		{BF06DBCE-7A36-423F-9DB7-8957CDBF0B38}.Debug|Any CPU.Build.0 = Debug|Any CPU
		{BF06DBCE-7A36-423F-9DB7-8957CDBF0B38}.Release|Any CPU.ActiveCfg = Release|Any CPU
		{BF06DBCE-7A36-423F-9DB7-8957CDBF0B38}.Release|Any CPU.Build.0 = Release|Any CPU
	EndGlobalSection
	GlobalSection(SolutionProperties) = preSolution
		HideSolutionNode = FALSE
	EndGlobalSection
	GlobalSection(NestedProjects) = preSolution
		{3F5464FD-B588-4388-A24A-0DAA4F65D483} = {EC515152-1C85-4C3A-ACDA-1870B450776B}
		{DE3452DC-31DC-4505-8C85-BE424A08456A} = {EC515152-1C85-4C3A-ACDA-1870B450776B}
		{BF06DBCE-7A36-423F-9DB7-8957CDBF0B38} = {EC515152-1C85-4C3A-ACDA-1870B450776B}
	EndGlobalSection
	GlobalSection(ExtensibilityGlobals) = postSolution
		SolutionGuid = {69D91F3B-89F1-49A9-A44F-610FB567FFA7}
	EndGlobalSection
EndGlobal
